
Microsoft Visual Studio Solution File, Format Version 11.00
# Visual Studio 2010
Project("{8BC9CEB8-8B4A-11D0-8D11-00A0C91BC942}") = "GT", "GT\GT.vcxproj", "{5A7B8147-451B-4B00-B545-F2EB46C688F4}"
EndProject
Project("{54435603-DBB4-11D2-8724-00A0C9A8B90C}") = "SetupGT", "SetupGT\SetupGT.vdproj", "{7A9B5772-7198-4B5C-9E8D-518F29512593}"
EndProject
Global
	GlobalSection(SubversionScc) = preSolution
		Svn-Managed = True
		Manager = AnkhSVN - Subversion Support for Visual Studio
	EndGlobalSection
	GlobalSection(SolutionConfigurationPlatforms) = preSolution
		Debug|Win32 = Debug|Win32
		Debug|x64 = Debug|x64
		Release|Win32 = Release|Win32
		Release|x64 = Release|x64
		ReleaseLatestTesser|Win32 = ReleaseLatestTesser|Win32
		ReleaseLatestTesser|x64 = ReleaseLatestTesser|x64
		ReleaseXP|Win32 = ReleaseXP|Win32
		ReleaseXP|x64 = ReleaseXP|x64
	EndGlobalSection
	GlobalSection(ProjectConfigurationPlatforms) = postSolution
		{5A7B8147-451B-4B00-B545-F2EB46C688F4}.Debug|Win32.ActiveCfg = Debug|Win32
		{5A7B8147-451B-4B00-B545-F2EB46C688F4}.Debug|Win32.Build.0 = Debug|Win32
		{5A7B8147-451B-4B00-B545-F2EB46C688F4}.Debug|x64.ActiveCfg = Debug|x64
		{5A7B8147-451B-4B00-B545-F2EB46C688F4}.Debug|x64.Build.0 = Debug|x64
		{5A7B8147-451B-4B00-B545-F2EB46C688F4}.Release|Win32.ActiveCfg = Release|Win32
		{5A7B8147-451B-4B00-B545-F2EB46C688F4}.Release|Win32.Build.0 = Release|Win32
		{5A7B8147-451B-4B00-B545-F2EB46C688F4}.Release|x64.ActiveCfg = Release|x64
		{5A7B8147-451B-4B00-B545-F2EB46C688F4}.Release|x64.Build.0 = Release|x64
		{5A7B8147-451B-4B00-B545-F2EB46C688F4}.ReleaseLatestTesser|Win32.ActiveCfg = ReleaseLatestTesser|Win32
		{5A7B8147-451B-4B00-B545-F2EB46C688F4}.ReleaseLatestTesser|Win32.Build.0 = ReleaseLatestTesser|Win32
		{5A7B8147-451B-4B00-B545-F2EB46C688F4}.ReleaseLatestTesser|x64.ActiveCfg = ReleaseLatestTesser|x64
		{5A7B8147-451B-4B00-B545-F2EB46C688F4}.ReleaseLatestTesser|x64.Build.0 = ReleaseLatestTesser|x64
		{5A7B8147-451B-4B00-B545-F2EB46C688F4}.ReleaseXP|Win32.ActiveCfg = ReleaseXP|Win32
		{5A7B8147-451B-4B00-B545-F2EB46C688F4}.ReleaseXP|Win32.Build.0 = ReleaseXP|Win32
		{5A7B8147-451B-4B00-B545-F2EB46C688F4}.ReleaseXP|x64.ActiveCfg = ReleaseXP|x64
		{5A7B8147-451B-4B00-B545-F2EB46C688F4}.ReleaseXP|x64.Build.0 = ReleaseXP|x64
		{7A9B5772-7198-4B5C-9E8D-518F29512593}.Debug|Win32.ActiveCfg = Debug
		{7A9B5772-7198-4B5C-9E8D-518F29512593}.Debug|x64.ActiveCfg = Debug
		{7A9B5772-7198-4B5C-9E8D-518F29512593}.Debug|x64.Build.0 = Debug
		{7A9B5772-7198-4B5C-9E8D-518F29512593}.Release|Win32.ActiveCfg = Release
		{7A9B5772-7198-4B5C-9E8D-518F29512593}.Release|Win32.Build.0 = Release
		{7A9B5772-7198-4B5C-9E8D-518F29512593}.Release|x64.ActiveCfg = Release
		{7A9B5772-7198-4B5C-9E8D-518F29512593}.Release|x64.Build.0 = Release
		{7A9B5772-7198-4B5C-9E8D-518F29512593}.ReleaseLatestTesser|Win32.ActiveCfg = ReleaseLatestTesser
		{7A9B5772-7198-4B5C-9E8D-518F29512593}.ReleaseLatestTesser|Win32.Build.0 = ReleaseLatestTesser
		{7A9B5772-7198-4B5C-9E8D-518F29512593}.ReleaseLatestTesser|x64.ActiveCfg = ReleaseLatestTesser
		{7A9B5772-7198-4B5C-9E8D-518F29512593}.ReleaseLatestTesser|x64.Build.0 = ReleaseLatestTesser
		{7A9B5772-7198-4B5C-9E8D-518F29512593}.ReleaseXP|Win32.ActiveCfg = ReleaseXP
		{7A9B5772-7198-4B5C-9E8D-518F29512593}.ReleaseXP|Win32.Build.0 = ReleaseXP
		{7A9B5772-7198-4B5C-9E8D-518F29512593}.ReleaseXP|x64.ActiveCfg = ReleaseXP
		{7A9B5772-7198-4B5C-9E8D-518F29512593}.ReleaseXP|x64.Build.0 = ReleaseXP
	EndGlobalSection
	GlobalSection(SolutionProperties) = preSolution
		HideSolutionNode = FALSE
	EndGlobalSection
EndGlobal
